
Microsoft Visual Studio Solution File, Format Version 12.00
# Visual Studio Version 16
VisualStudioVersion = 16.0.29306.81
MinimumVisualStudioVersion = 10.0.40219.1
Project("{9A19103F-16F7-4668-BE54-9A1E7A4F7556}") = "BankApp", "BankApp\BankApp.csproj", "{60941852-2F95-47CF-B83B-128B7469204D}"
EndProject
Project("{9A19103F-16F7-4668-BE54-9A1E7A4F7556}") = "Data", "Data\Data.csproj", "{584A689E-082C-414B-8E45-9E63DF52C063}"
EndProject
Project("{9A19103F-16F7-4668-BE54-9A1E7A4F7556}") = "Data.EF", "Data.EF\Data.EF.csproj", "{54DC70A0-3063-4DE3-BB50-698C069F8DCD}"
EndProject
Project("{2150E333-8FDC-42A3-9474-1A3956D46DE8}") = "Solution Items", "Solution Items", "{18D1A24A-B25B-468E-B891-CC679BD7CBB9}"
EndProject
Global
	GlobalSection(SolutionConfigurationPlatforms) = preSolution
		Debug|Any CPU = Debug|Any CPU
		Release|Any CPU = Release|Any CPU
	EndGlobalSection
	GlobalSection(ProjectConfigurationPlatforms) = postSolution
		{60941852-2F95-47CF-B83B-128B7469204D}.Debug|Any CPU.ActiveCfg = Debug|Any CPU
		{60941852-2F95-47CF-B83B-128B7469204D}.Debug|Any CPU.Build.0 = Debug|Any CPU
		{60941852-2F95-47CF-B83B-128B7469204D}.Release|Any CPU.ActiveCfg = Release|Any CPU
		{60941852-2F95-47CF-B83B-128B7469204D}.Release|Any CPU.Build.0 = Release|Any CPU
		{584A689E-082C-414B-8E45-9E63DF52C063}.Debug|Any CPU.ActiveCfg = Debug|Any CPU
		{584A689E-082C-414B-8E45-9E63DF52C063}.Debug|Any CPU.Build.0 = Debug|Any CPU
		{584A689E-082C-414B-8E45-9E63DF52C063}.Release|Any CPU.ActiveCfg = Release|Any CPU
		{584A689E-082C-414B-8E45-9E63DF52C063}.Release|Any CPU.Build.0 = Release|Any CPU
		{54DC70A0-3063-4DE3-BB50-698C069F8DCD}.Debug|Any CPU.ActiveCfg = Debug|Any CPU
		{54DC70A0-3063-4DE3-BB50-698C069F8DCD}.Debug|Any CPU.Build.0 = Debug|Any CPU
		{54DC70A0-3063-4DE3-BB50-698C069F8DCD}.Release|Any CPU.ActiveCfg = Release|Any CPU
		{54DC70A0-3063-4DE3-BB50-698C069F8DCD}.Release|Any CPU.Build.0 = Release|Any CPU
	EndGlobalSection
	GlobalSection(SolutionProperties) = preSolution
		HideSolutionNode = FALSE
	EndGlobalSection
	GlobalSection(ExtensibilityGlobals) = postSolution
		SolutionGuid = {E18494C9-38E9-4734-B136-A8CA7AAE0C18}
	EndGlobalSection
EndGlobal
